
Microsoft Visual Studio Solution File, Format Version 12.00
# Visual Studio 14
VisualStudioVersion = 14.0.25420.1
MinimumVisualStudioVersion = 10.0.40219.1
Project("{FAE04EC0-301F-11D3-BF4B-00C04F79EFBC}") = "R2D4", "R2D4\R2D4.csproj", "{A8BA1066-5695-4D71-ABB4-65E5A5E0C3D4}"
EndProject
Project("{FAE04EC0-301F-11D3-BF4B-00C04F79EFBC}") = "R2D4Web", "R2D4Web\R2D4Web.csproj", "{D07A65E8-76C8-46D4-AC8E-002AE46E4BFB}"
EndProject
Project("{2150E333-8FDC-42A3-9474-1A3956D46DE8}") = "Tests", "Tests", "{1B036542-88A1-4A84-A866-BCB1C6717FA4}"
EndProject
Project("{2150E333-8FDC-42A3-9474-1A3956D46DE8}") = "Clients", "Clients", "{5862281E-0371-49F3-849F-57CD4C6BDA3C}"
EndProject
Project("{2150E333-8FDC-42A3-9474-1A3956D46DE8}") = "Resources", "Resources", "{4A4EFD92-AC2C-44AF-BE5C-BAC1B56EA90B}"
EndProject
Project("{FAE04EC0-301F-11D3-BF4B-00C04F79EFBC}") = "GlobalResources", "GlobalResources\GlobalResources.csproj", "{E0ADEFA0-D023-40A2-8173-05A76580707B}"
EndProject
Project("{FAE04EC0-301F-11D3-BF4B-00C04F79EFBC}") = "R2D4Web.AcceptanceTests", "R2D4Web.AcceptanceTests\R2D4Web.AcceptanceTests.csproj", "{ADA9397E-46B1-4081-8BF1-A84884404611}"
EndProject
Project("{FAE04EC0-301F-11D3-BF4B-00C04F79EFBC}") = "R2D4Web.UnitTests", "R2D4Web.UnitTests\R2D4Web.UnitTests.csproj", "{C32C1AEA-2ED7-4680-9805-94B77F912BFE}"
EndProject
Global
	GlobalSection(SolutionConfigurationPlatforms) = preSolution
		Debug|Any CPU = Debug|Any CPU
		Release|Any CPU = Release|Any CPU
	EndGlobalSection
	GlobalSection(ProjectConfigurationPlatforms) = postSolution
		{A8BA1066-5695-4D71-ABB4-65E5A5E0C3D4}.Debug|Any CPU.ActiveCfg = Debug|Any CPU
		{A8BA1066-5695-4D71-ABB4-65E5A5E0C3D4}.Debug|Any CPU.Build.0 = Debug|Any CPU
		{A8BA1066-5695-4D71-ABB4-65E5A5E0C3D4}.Release|Any CPU.ActiveCfg = Release|Any CPU
		{A8BA1066-5695-4D71-ABB4-65E5A5E0C3D4}.Release|Any CPU.Build.0 = Release|Any CPU
		{D07A65E8-76C8-46D4-AC8E-002AE46E4BFB}.Debug|Any CPU.ActiveCfg = Debug|Any CPU
		{D07A65E8-76C8-46D4-AC8E-002AE46E4BFB}.Debug|Any CPU.Build.0 = Debug|Any CPU
		{D07A65E8-76C8-46D4-AC8E-002AE46E4BFB}.Release|Any CPU.ActiveCfg = Release|Any CPU
		{D07A65E8-76C8-46D4-AC8E-002AE46E4BFB}.Release|Any CPU.Build.0 = Release|Any CPU
		{E0ADEFA0-D023-40A2-8173-05A76580707B}.Debug|Any CPU.ActiveCfg = Debug|Any CPU
		{E0ADEFA0-D023-40A2-8173-05A76580707B}.Debug|Any CPU.Build.0 = Debug|Any CPU
		{E0ADEFA0-D023-40A2-8173-05A76580707B}.Release|Any CPU.ActiveCfg = Release|Any CPU
		{E0ADEFA0-D023-40A2-8173-05A76580707B}.Release|Any CPU.Build.0 = Release|Any CPU
		{ADA9397E-46B1-4081-8BF1-A84884404611}.Debug|Any CPU.ActiveCfg = Debug|Any CPU
		{ADA9397E-46B1-4081-8BF1-A84884404611}.Debug|Any CPU.Build.0 = Debug|Any CPU
		{ADA9397E-46B1-4081-8BF1-A84884404611}.Release|Any CPU.ActiveCfg = Release|Any CPU
		{ADA9397E-46B1-4081-8BF1-A84884404611}.Release|Any CPU.Build.0 = Release|Any CPU
		{C32C1AEA-2ED7-4680-9805-94B77F912BFE}.Debug|Any CPU.ActiveCfg = Debug|Any CPU
		{C32C1AEA-2ED7-4680-9805-94B77F912BFE}.Debug|Any CPU.Build.0 = Debug|Any CPU
		{C32C1AEA-2ED7-4680-9805-94B77F912BFE}.Release|Any CPU.ActiveCfg = Release|Any CPU
		{C32C1AEA-2ED7-4680-9805-94B77F912BFE}.Release|Any CPU.Build.0 = Release|Any CPU
	EndGlobalSection
	GlobalSection(SolutionProperties) = preSolution
		HideSolutionNode = FALSE
	EndGlobalSection
	GlobalSection(NestedProjects) = preSolution
		{A8BA1066-5695-4D71-ABB4-65E5A5E0C3D4} = {5862281E-0371-49F3-849F-57CD4C6BDA3C}
		{D07A65E8-76C8-46D4-AC8E-002AE46E4BFB} = {5862281E-0371-49F3-849F-57CD4C6BDA3C}
		{E0ADEFA0-D023-40A2-8173-05A76580707B} = {4A4EFD92-AC2C-44AF-BE5C-BAC1B56EA90B}
		{ADA9397E-46B1-4081-8BF1-A84884404611} = {1B036542-88A1-4A84-A866-BCB1C6717FA4}
		{C32C1AEA-2ED7-4680-9805-94B77F912BFE} = {1B036542-88A1-4A84-A866-BCB1C6717FA4}
	EndGlobalSection
EndGlobal
